
Microsoft Visual Studio Solution File, Format Version 12.00
# Visual Studio Version 16
VisualStudioVersion = 25.0.1706.4
MinimumVisualStudioVersion = 10.0.40219.1
Project("{FAE04EC0-301F-11D3-BF4B-00C04F79EFBC}") = "MAUIBlazorTestProject", "MAUIBlazorTestProject.csproj", "{4BF185B4-D90A-4A82-9B72-0179F4B88CFC}"
EndProject
Global
	GlobalSection(SolutionConfigurationPlatforms) = preSolution
		Debug|Any CPU = Debug|Any CPU
		Release|Any CPU = Release|Any CPU
	EndGlobalSection
	GlobalSection(ProjectConfigurationPlatforms) = postSolution
		{4BF185B4-D90A-4A82-9B72-0179F4B88CFC}.Debug|Any CPU.ActiveCfg = Debug|Any CPU
		{4BF185B4-D90A-4A82-9B72-0179F4B88CFC}.Debug|Any CPU.Build.0 = Debug|Any CPU
		{4BF185B4-D90A-4A82-9B72-0179F4B88CFC}.Release|Any CPU.ActiveCfg = Release|Any CPU
		{4BF185B4-D90A-4A82-9B72-0179F4B88CFC}.Release|Any CPU.Build.0 = Release|Any CPU
	EndGlobalSection
	GlobalSection(SolutionProperties) = preSolution
		HideSolutionNode = FALSE
	EndGlobalSection
	GlobalSection(ExtensibilityGlobals) = postSolution
		SolutionGuid = {CED2F9B0-CBFA-4584-9941-8A77A966CC4C}
	EndGlobalSection
EndGlobal
